
Microsoft Visual Studio Solution File, Format Version 12.00
# Visual Studio Version 16
VisualStudioVersion = 16.0.29709.97
MinimumVisualStudioVersion = 10.0.40219.1
Project("{2150E333-8FDC-42A3-9474-1A3956D46DE8}") = "Curso.pt5-pt8", "Curso.pt5-pt8", "{049CEE84-8DE4-4D9A-B74A-03EF0DD5AFA2}"
EndProject
Project("{2150E333-8FDC-42A3-9474-1A3956D46DE8}") = "Curso.pt9", "Curso.pt9", "{970BC58A-C7FA-45DD-B78C-5F5ADDEFE9FD}"
EndProject
Project("{9A19103F-16F7-4668-BE54-9A1E7A4F7556}") = "ByteBank.SistemaAgencia", "Curso.pt5-pt8\ByteBank.SistemaAgencia\ByteBank.SistemaAgencia.csproj", "{C6806C7F-C238-4592-AF72-CAEB2F1A09D5}"
EndProject
Project("{9A19103F-16F7-4668-BE54-9A1E7A4F7556}") = "ByteBankImportacaoExportacao", "Curso.pt9\ByteBankImportacaoExportacao\ByteBankImportacaoExportacao.csproj", "{10B84E4F-3246-4B28-A61D-DF5BCE8075C3}"
EndProject
Project("{2150E333-8FDC-42A3-9474-1A3956D46DE8}") = "Curso.Paralelismo", "Curso.Paralelismo", "{6FFD3E48-FEC5-4845-8EAD-6F8578E2E333}"
EndProject
Project("{FAE04EC0-301F-11D3-BF4B-00C04F79EFBC}") = "ByteBank.Core", "Curso.Pararelismo\ByteBank.Core\ByteBank.Core.csproj", "{3B254A19-C3FD-4246-B319-987933185190}"
EndProject
Project("{FAE04EC0-301F-11D3-BF4B-00C04F79EFBC}") = "ByteBank.View", "Curso.Pararelismo\ByteBank.View\ByteBank.View.csproj", "{3F1CCE92-E216-4D46-AC05-05259EE5E61B}"
EndProject
Project("{2150E333-8FDC-42A3-9474-1A3956D46DE8}") = "Curso.Collections", "Curso.Collections", "{4E6601EE-117A-41A6-939B-4C3B7289A283}"
EndProject
Project("{2150E333-8FDC-42A3-9474-1A3956D46DE8}") = "Parte1", "Parte1", "{100D9D64-2B32-4417-A687-5E55392878C1}"
EndProject
Project("{FAE04EC0-301F-11D3-BF4B-00C04F79EFBC}") = "ListaSomenteLeitura", "Curso.Collections\Parte1\ListaSomenteLeitura\ListaSomenteLeitura.csproj", "{EA2B5071-371D-48D2-83FB-227100F5C7E0}"
EndProject
Project("{FAE04EC0-301F-11D3-BF4B-00C04F79EFBC}") = "LinkedList", "Curso.Collections\Parte1\LinkedList\LinkedList.csproj", "{931C0789-4280-4403-A872-E30ADC50292C}"
EndProject
Project("{FAE04EC0-301F-11D3-BF4B-00C04F79EFBC}") = "Stack", "Curso.Collections\Parte1\Stack\Stack.csproj", "{F4026748-55CC-495F-8B63-200E8CA17F7B}"
EndProject
Project("{FAE04EC0-301F-11D3-BF4B-00C04F79EFBC}") = "Queue", "Curso.Collections\Parte1\Queue\Queue.csproj", "{084F302D-A58B-40E4-9B48-E0A80EF06DAB}"
EndProject
Project("{2150E333-8FDC-42A3-9474-1A3956D46DE8}") = "Parte2", "Parte2", "{2498FCA6-CA1C-4CF2-AA89-AB2C4C2CBBE4}"
EndProject
Project("{FAE04EC0-301F-11D3-BF4B-00C04F79EFBC}") = "SortedList", "Curso.Collections\Parte2\SortedList\SortedList.csproj", "{DA7E8CA7-C091-441C-B24B-A24C39C03E58}"
EndProject
Project("{FAE04EC0-301F-11D3-BF4B-00C04F79EFBC}") = "SortedDictionary", "Curso.Collections\Parte2\SortedDictionary\SortedDictionary.csproj", "{2C321E5C-1276-49E2-8186-4362C8F14BDB}"
EndProject
Project("{FAE04EC0-301F-11D3-BF4B-00C04F79EFBC}") = "SortedSet", "Curso.Collections\Parte2\SortedSet\SortedSet.csproj", "{2B5BEA0C-6E08-424C-B129-9E3732C85307}"
EndProject
Project("{FAE04EC0-301F-11D3-BF4B-00C04F79EFBC}") = "ArraysMultidimensionais", "Curso.Collections\Parte2\ArraysMultidimensionais\ArraysMultidimensionais.csproj", "{630840DF-CF47-4B4A-91A8-2F46F024CC0E}"
EndProject
Project("{FAE04EC0-301F-11D3-BF4B-00C04F79EFBC}") = "JaggedArrays", "Curso.Collections\Parte2\JaggedArrays\JaggedArrays.csproj", "{2E6626CA-8525-4643-AD9C-EE56FB26D743}"
EndProject
Project("{FAE04EC0-301F-11D3-BF4B-00C04F79EFBC}") = "ConsultandoCollections", "Curso.Collections\Parte2\ConsultandoCollections\ConsultandoCollections.csproj", "{2D6C140B-AAD0-4D90-8867-B216D2CD68ED}"
EndProject
Project("{FAE04EC0-301F-11D3-BF4B-00C04F79EFBC}") = "OutrosOperadoresLINQ", "Curso.Collections\Parte2\OutrosOperadoresLINQ\OutrosOperadoresLINQ.csproj", "{D121707B-40F1-482F-AAD6-84B7ACF5C0B7}"
EndProject
Project("{FAE04EC0-301F-11D3-BF4B-00C04F79EFBC}") = "OperadoresDeConjuntos", "Curso.Collections\Parte2\OperadoresDeConjuntos\OperadoresDeConjuntos.csproj", "{50EE75EE-2D8B-4403-89B7-9AF497FDA69D}"
EndProject
Project("{2150E333-8FDC-42A3-9474-1A3956D46DE8}") = "Curso.Refatoracao", "Curso.Refatoracao", "{49BD6DDD-DFFC-4979-8F0C-377F9896D4CC}"
EndProject
Project("{2150E333-8FDC-42A3-9474-1A3956D46DE8}") = "Parte1", "Parte1", "{6ECEE78E-D008-418B-A880-6025BFCE4270}"
EndProject
Project("{9A19103F-16F7-4668-BE54-9A1E7A4F7556}") = "refatoracao", "Curso.Refatoracao\Parte1\refatoracao\refatoracao.csproj", "{75845F2B-4CCB-4297-92B2-A001CFA9B72F}"
EndProject
Project("{9A19103F-16F7-4668-BE54-9A1E7A4F7556}") = "caelum-stella-csharp", "Curso.Refatoracao\Parte1\caelum-stella-csharp\caelum-stella-csharp.csproj", "{DBD5CB98-A47F-4035-8351-971105CE8C5E}"
EndProject
Project("{9A19103F-16F7-4668-BE54-9A1E7A4F7556}") = "caelum-stella-csharp-netcore-test", "Curso.Refatoracao\Parte1\caelum-stella-csharp-test\caelum-stella-csharp-netcore-test.csproj", "{1EAABE10-CEE1-4348-8758-10FBDE3EDE79}"
EndProject
Project("{2150E333-8FDC-42A3-9474-1A3956D46DE8}") = "Parte2", "Parte2", "{24C63A48-AF72-42DB-9D8B-6AE56E108A4B}"
EndProject
Project("{FAE04EC0-301F-11D3-BF4B-00C04F79EFBC}") = "SistemaWinForms", "Curso.Refatoracao\Parte2\SistemaWinForms\SistemaWinForms.csproj", "{97712C5E-3927-4D44-88E8-38B176E96D0B}"
EndProject
Project("{9A19103F-16F7-4668-BE54-9A1E7A4F7556}") = "Refatorando2", "Curso.Refatoracao\Parte2\Refatorando\Refatorando2.csproj", "{D129CC3F-E9C1-4345-91EC-F4C2CEC1392F}"
EndProject
Project("{2150E333-8FDC-42A3-9474-1A3956D46DE8}") = "Parte3", "Parte3", "{2C3524BB-E775-48F7-94DD-54D775A221B3}"
EndProject
Project("{FAE04EC0-301F-11D3-BF4B-00C04F79EFBC}") = "Refactoring3", "Curso.Refatoracao\Parte3\Refatorando\Refactoring3.csproj", "{89C85F53-A631-48BF-A047-FC42D36BF9B5}"
EndProject
Project("{2150E333-8FDC-42A3-9474-1A3956D46DE8}") = "Curso.Novidades.Csharp6", "Curso.Novidades.Csharp6", "{D1CBDDDC-CBB5-4BC1-B271-A3EE5E7E1F98}"
EndProject
Project("{FAE04EC0-301F-11D3-BF4B-00C04F79EFBC}") = "csharp-atualizacoes", "Curso.Novidades.Csharp6\csharp-atualizacoes.csproj", "{75C8069F-B1E5-41CD-AA4A-7BBC1CCA6C5E}"
EndProject
Project("{2150E333-8FDC-42A3-9474-1A3956D46DE8}") = "Solution Items", "Solution Items", "{AEE69260-2AD8-4BF5-817A-EF579BC513A2}"
	ProjectSection(SolutionItems) = preProject
		.editorconfig = .editorconfig
	EndProjectSection
EndProject
Project("{2150E333-8FDC-42A3-9474-1A3956D46DE8}") = "Curso.Novidades.Csharp7", "Curso.Novidades.Csharp7", "{AB065EE9-F6DD-4A63-8C78-098297E55CC5}"
EndProject
Project("{FAE04EC0-301F-11D3-BF4B-00C04F79EFBC}") = "csharp7", "Curso.Novidades.Csharp7\csharp7.csproj", "{8C4A0AE2-DD55-42E6-A6C0-8544AA51BAFB}"
EndProject
Project("{2150E333-8FDC-42A3-9474-1A3956D46DE8}") = "Curso.pt3", "Curso.pt3", "{3C0ED5DC-F0F0-4856-A1D4-37F59A666890}"
EndProject
Project("{2150E333-8FDC-42A3-9474-1A3956D46DE8}") = "Curso.pt4", "Curso.pt4", "{621C5AE9-749A-4204-9914-78B9A108DAA9}"
EndProject
Project("{9A19103F-16F7-4668-BE54-9A1E7A4F7556}") = "ByteBank.3", "Curso.pt3\ByteBank.3\ByteBank.3.csproj", "{6E1ACBB2-80A9-43C0-AA8E-8D36BA433685}"
EndProject
Project("{FAE04EC0-301F-11D3-BF4B-00C04F79EFBC}") = "ByteBank.4", "Curso.pt4\ByteBank.4\ByteBank.4.csproj", "{D5B03F93-CDC4-4309-AE8E-FFD218108A1A}"
EndProject
Project("{9A19103F-16F7-4668-BE54-9A1E7A4F7556}") = "ByteBank.Modelos", "Curso.pt5-pt8\ByteBank.Modelos\ByteBank.Modelos.csproj", "{3D96B58C-45B0-4251-A568-48A84E1501AE}"
EndProject
Project("{2150E333-8FDC-42A3-9474-1A3956D46DE8}") = "Curso.Reflection", "Curso.Reflection", "{78ED6996-880C-4A8B-B79C-5734035059B1}"
EndProject
Project("{FAE04EC0-301F-11D3-BF4B-00C04F79EFBC}") = "ByteBank.Portal", "Curso.Reflection\ByteBank.Portal\ByteBank.Portal.csproj", "{52441389-9E15-414B-BC8F-B829417182E4}"
EndProject
Project("{FAE04EC0-301F-11D3-BF4B-00C04F79EFBC}") = "ByteBank.Service", "ByteBank.Service\ByteBank.Service.csproj", "{4DC2D830-E930-4BD2-AED4-313FF117E9B8}"
EndProject
Project("{2150E333-8FDC-42A3-9474-1A3956D46DE8}") = "Curso.EventosDelegatesLambda", "Curso.EventosDelegatesLambda", "{9F39691C-CABF-4EC2-BDD7-D5521AE23BDD}"
EndProject
Project("{FAE04EC0-301F-11D3-BF4B-00C04F79EFBC}") = "ByteBank.Agencias", "Curso.EventosDelegatesLambda\ByteBank.Agencias\ByteBank.Agencias.csproj", "{DAF9CB17-718E-4A21-92A2-EA1890E09C09}"
EndProject
Project("{FAE04EC0-301F-11D3-BF4B-00C04F79EFBC}") = "ByteBank.Agencias.DAL", "Curso.EventosDelegatesLambda\ByteBank.Agencias.DAL\ByteBank.Agencias.DAL.csproj", "{9B6D9421-2DF4-4A84-8C13-B3DE457FEA2A}"
EndProject
Project("{2150E333-8FDC-42A3-9474-1A3956D46DE8}") = "Curso.Novidades.Csharp73", "Curso.Novidades.Csharp73", "{D25CAD74-1AD6-4B27-9832-293DF916B46F}"
EndProject
Project("{FAE04EC0-301F-11D3-BF4B-00C04F79EFBC}") = "csharp73", "csharp73\csharp73.csproj", "{12BD5DAA-0C0B-42CE-B335-EE2EEE8B489A}"
EndProject
Global
	GlobalSection(SolutionConfigurationPlatforms) = preSolution
		Debug|Any CPU = Debug|Any CPU
		Release|Any CPU = Release|Any CPU
	EndGlobalSection
	GlobalSection(ProjectConfigurationPlatforms) = postSolution
		{C6806C7F-C238-4592-AF72-CAEB2F1A09D5}.Debug|Any CPU.ActiveCfg = Debug|Any CPU
		{C6806C7F-C238-4592-AF72-CAEB2F1A09D5}.Debug|Any CPU.Build.0 = Debug|Any CPU
		{C6806C7F-C238-4592-AF72-CAEB2F1A09D5}.Release|Any CPU.ActiveCfg = Release|Any CPU
		{C6806C7F-C238-4592-AF72-CAEB2F1A09D5}.Release|Any CPU.Build.0 = Release|Any CPU
		{10B84E4F-3246-4B28-A61D-DF5BCE8075C3}.Debug|Any CPU.ActiveCfg = Debug|Any CPU
		{10B84E4F-3246-4B28-A61D-DF5BCE8075C3}.Debug|Any CPU.Build.0 = Debug|Any CPU
		{10B84E4F-3246-4B28-A61D-DF5BCE8075C3}.Release|Any CPU.ActiveCfg = Release|Any CPU
		{10B84E4F-3246-4B28-A61D-DF5BCE8075C3}.Release|Any CPU.Build.0 = Release|Any CPU
		{3B254A19-C3FD-4246-B319-987933185190}.Debug|Any CPU.ActiveCfg = Debug|Any CPU
		{3B254A19-C3FD-4246-B319-987933185190}.Debug|Any CPU.Build.0 = Debug|Any CPU
		{3B254A19-C3FD-4246-B319-987933185190}.Release|Any CPU.ActiveCfg = Release|Any CPU
		{3B254A19-C3FD-4246-B319-987933185190}.Release|Any CPU.Build.0 = Release|Any CPU
		{3F1CCE92-E216-4D46-AC05-05259EE5E61B}.Debug|Any CPU.ActiveCfg = Debug|Any CPU
		{3F1CCE92-E216-4D46-AC05-05259EE5E61B}.Debug|Any CPU.Build.0 = Debug|Any CPU
		{3F1CCE92-E216-4D46-AC05-05259EE5E61B}.Release|Any CPU.ActiveCfg = Release|Any CPU
		{3F1CCE92-E216-4D46-AC05-05259EE5E61B}.Release|Any CPU.Build.0 = Release|Any CPU
		{EA2B5071-371D-48D2-83FB-227100F5C7E0}.Debug|Any CPU.ActiveCfg = Debug|Any CPU
		{EA2B5071-371D-48D2-83FB-227100F5C7E0}.Debug|Any CPU.Build.0 = Debug|Any CPU
		{EA2B5071-371D-48D2-83FB-227100F5C7E0}.Release|Any CPU.ActiveCfg = Release|Any CPU
		{EA2B5071-371D-48D2-83FB-227100F5C7E0}.Release|Any CPU.Build.0 = Release|Any CPU
		{931C0789-4280-4403-A872-E30ADC50292C}.Debug|Any CPU.ActiveCfg = Debug|Any CPU
		{931C0789-4280-4403-A872-E30ADC50292C}.Debug|Any CPU.Build.0 = Debug|Any CPU
		{931C0789-4280-4403-A872-E30ADC50292C}.Release|Any CPU.ActiveCfg = Release|Any CPU
		{931C0789-4280-4403-A872-E30ADC50292C}.Release|Any CPU.Build.0 = Release|Any CPU
		{F4026748-55CC-495F-8B63-200E8CA17F7B}.Debug|Any CPU.ActiveCfg = Debug|Any CPU
		{F4026748-55CC-495F-8B63-200E8CA17F7B}.Debug|Any CPU.Build.0 = Debug|Any CPU
		{F4026748-55CC-495F-8B63-200E8CA17F7B}.Release|Any CPU.ActiveCfg = Release|Any CPU
		{F4026748-55CC-495F-8B63-200E8CA17F7B}.Release|Any CPU.Build.0 = Release|Any CPU
		{084F302D-A58B-40E4-9B48-E0A80EF06DAB}.Debug|Any CPU.ActiveCfg = Debug|Any CPU
		{084F302D-A58B-40E4-9B48-E0A80EF06DAB}.Debug|Any CPU.Build.0 = Debug|Any CPU
		{084F302D-A58B-40E4-9B48-E0A80EF06DAB}.Release|Any CPU.ActiveCfg = Release|Any CPU
		{084F302D-A58B-40E4-9B48-E0A80EF06DAB}.Release|Any CPU.Build.0 = Release|Any CPU
		{DA7E8CA7-C091-441C-B24B-A24C39C03E58}.Debug|Any CPU.ActiveCfg = Debug|Any CPU
		{DA7E8CA7-C091-441C-B24B-A24C39C03E58}.Debug|Any CPU.Build.0 = Debug|Any CPU
		{DA7E8CA7-C091-441C-B24B-A24C39C03E58}.Release|Any CPU.ActiveCfg = Release|Any CPU
		{DA7E8CA7-C091-441C-B24B-A24C39C03E58}.Release|Any CPU.Build.0 = Release|Any CPU
		{2C321E5C-1276-49E2-8186-4362C8F14BDB}.Debug|Any CPU.ActiveCfg = Debug|Any CPU
		{2C321E5C-1276-49E2-8186-4362C8F14BDB}.Debug|Any CPU.Build.0 = Debug|Any CPU
		{2C321E5C-1276-49E2-8186-4362C8F14BDB}.Release|Any CPU.ActiveCfg = Release|Any CPU
		{2C321E5C-1276-49E2-8186-4362C8F14BDB}.Release|Any CPU.Build.0 = Release|Any CPU
		{2B5BEA0C-6E08-424C-B129-9E3732C85307}.Debug|Any CPU.ActiveCfg = Debug|Any CPU
		{2B5BEA0C-6E08-424C-B129-9E3732C85307}.Debug|Any CPU.Build.0 = Debug|Any CPU
		{2B5BEA0C-6E08-424C-B129-9E3732C85307}.Release|Any CPU.ActiveCfg = Release|Any CPU
		{2B5BEA0C-6E08-424C-B129-9E3732C85307}.Release|Any CPU.Build.0 = Release|Any CPU
		{630840DF-CF47-4B4A-91A8-2F46F024CC0E}.Debug|Any CPU.ActiveCfg = Debug|Any CPU
		{630840DF-CF47-4B4A-91A8-2F46F024CC0E}.Debug|Any CPU.Build.0 = Debug|Any CPU
		{630840DF-CF47-4B4A-91A8-2F46F024CC0E}.Release|Any CPU.ActiveCfg = Release|Any CPU
		{630840DF-CF47-4B4A-91A8-2F46F024CC0E}.Release|Any CPU.Build.0 = Release|Any CPU
		{2E6626CA-8525-4643-AD9C-EE56FB26D743}.Debug|Any CPU.ActiveCfg = Debug|Any CPU
		{2E6626CA-8525-4643-AD9C-EE56FB26D743}.Debug|Any CPU.Build.0 = Debug|Any CPU
		{2E6626CA-8525-4643-AD9C-EE56FB26D743}.Release|Any CPU.ActiveCfg = Release|Any CPU
		{2E6626CA-8525-4643-AD9C-EE56FB26D743}.Release|Any CPU.Build.0 = Release|Any CPU
		{2D6C140B-AAD0-4D90-8867-B216D2CD68ED}.Debug|Any CPU.ActiveCfg = Debug|Any CPU
		{2D6C140B-AAD0-4D90-8867-B216D2CD68ED}.Debug|Any CPU.Build.0 = Debug|Any CPU
		{2D6C140B-AAD0-4D90-8867-B216D2CD68ED}.Release|Any CPU.ActiveCfg = Release|Any CPU
		{2D6C140B-AAD0-4D90-8867-B216D2CD68ED}.Release|Any CPU.Build.0 = Release|Any CPU
		{D121707B-40F1-482F-AAD6-84B7ACF5C0B7}.Debug|Any CPU.ActiveCfg = Debug|Any CPU
		{D121707B-40F1-482F-AAD6-84B7ACF5C0B7}.Debug|Any CPU.Build.0 = Debug|Any CPU
		{D121707B-40F1-482F-AAD6-84B7ACF5C0B7}.Release|Any CPU.ActiveCfg = Release|Any CPU
		{D121707B-40F1-482F-AAD6-84B7ACF5C0B7}.Release|Any CPU.Build.0 = Release|Any CPU
		{50EE75EE-2D8B-4403-89B7-9AF497FDA69D}.Debug|Any CPU.ActiveCfg = Debug|Any CPU
		{50EE75EE-2D8B-4403-89B7-9AF497FDA69D}.Debug|Any CPU.Build.0 = Debug|Any CPU
		{50EE75EE-2D8B-4403-89B7-9AF497FDA69D}.Release|Any CPU.ActiveCfg = Release|Any CPU
		{50EE75EE-2D8B-4403-89B7-9AF497FDA69D}.Release|Any CPU.Build.0 = Release|Any CPU
		{75845F2B-4CCB-4297-92B2-A001CFA9B72F}.Debug|Any CPU.ActiveCfg = Debug|Any CPU
		{75845F2B-4CCB-4297-92B2-A001CFA9B72F}.Debug|Any CPU.Build.0 = Debug|Any CPU
		{75845F2B-4CCB-4297-92B2-A001CFA9B72F}.Release|Any CPU.ActiveCfg = Release|Any CPU
		{75845F2B-4CCB-4297-92B2-A001CFA9B72F}.Release|Any CPU.Build.0 = Release|Any CPU
		{DBD5CB98-A47F-4035-8351-971105CE8C5E}.Debug|Any CPU.ActiveCfg = Debug|Any CPU
		{DBD5CB98-A47F-4035-8351-971105CE8C5E}.Debug|Any CPU.Build.0 = Debug|Any CPU
		{DBD5CB98-A47F-4035-8351-971105CE8C5E}.Release|Any CPU.ActiveCfg = Release|Any CPU
		{DBD5CB98-A47F-4035-8351-971105CE8C5E}.Release|Any CPU.Build.0 = Release|Any CPU
		{1EAABE10-CEE1-4348-8758-10FBDE3EDE79}.Debug|Any CPU.ActiveCfg = Debug|Any CPU
		{1EAABE10-CEE1-4348-8758-10FBDE3EDE79}.Debug|Any CPU.Build.0 = Debug|Any CPU
		{1EAABE10-CEE1-4348-8758-10FBDE3EDE79}.Release|Any CPU.ActiveCfg = Release|Any CPU
		{1EAABE10-CEE1-4348-8758-10FBDE3EDE79}.Release|Any CPU.Build.0 = Release|Any CPU
		{97712C5E-3927-4D44-88E8-38B176E96D0B}.Debug|Any CPU.ActiveCfg = Debug|Any CPU
		{97712C5E-3927-4D44-88E8-38B176E96D0B}.Debug|Any CPU.Build.0 = Debug|Any CPU
		{97712C5E-3927-4D44-88E8-38B176E96D0B}.Release|Any CPU.ActiveCfg = Release|Any CPU
		{97712C5E-3927-4D44-88E8-38B176E96D0B}.Release|Any CPU.Build.0 = Release|Any CPU
		{D129CC3F-E9C1-4345-91EC-F4C2CEC1392F}.Debug|Any CPU.ActiveCfg = Debug|Any CPU
		{D129CC3F-E9C1-4345-91EC-F4C2CEC1392F}.Debug|Any CPU.Build.0 = Debug|Any CPU
		{D129CC3F-E9C1-4345-91EC-F4C2CEC1392F}.Release|Any CPU.ActiveCfg = Release|Any CPU
		{D129CC3F-E9C1-4345-91EC-F4C2CEC1392F}.Release|Any CPU.Build.0 = Release|Any CPU
		{89C85F53-A631-48BF-A047-FC42D36BF9B5}.Debug|Any CPU.ActiveCfg = Debug|Any CPU
		{89C85F53-A631-48BF-A047-FC42D36BF9B5}.Debug|Any CPU.Build.0 = Debug|Any CPU
		{89C85F53-A631-48BF-A047-FC42D36BF9B5}.Release|Any CPU.ActiveCfg = Release|Any CPU
		{89C85F53-A631-48BF-A047-FC42D36BF9B5}.Release|Any CPU.Build.0 = Release|Any CPU
		{75C8069F-B1E5-41CD-AA4A-7BBC1CCA6C5E}.Debug|Any CPU.ActiveCfg = Debug|Any CPU
		{75C8069F-B1E5-41CD-AA4A-7BBC1CCA6C5E}.Debug|Any CPU.Build.0 = Debug|Any CPU
		{75C8069F-B1E5-41CD-AA4A-7BBC1CCA6C5E}.Release|Any CPU.ActiveCfg = Release|Any CPU
		{75C8069F-B1E5-41CD-AA4A-7BBC1CCA6C5E}.Release|Any CPU.Build.0 = Release|Any CPU
		{8C4A0AE2-DD55-42E6-A6C0-8544AA51BAFB}.Debug|Any CPU.ActiveCfg = Debug|Any CPU
		{8C4A0AE2-DD55-42E6-A6C0-8544AA51BAFB}.Debug|Any CPU.Build.0 = Debug|Any CPU
		{8C4A0AE2-DD55-42E6-A6C0-8544AA51BAFB}.Release|Any CPU.ActiveCfg = Release|Any CPU
		{8C4A0AE2-DD55-42E6-A6C0-8544AA51BAFB}.Release|Any CPU.Build.0 = Release|Any CPU
		{6E1ACBB2-80A9-43C0-AA8E-8D36BA433685}.Debug|Any CPU.ActiveCfg = Debug|Any CPU
		{6E1ACBB2-80A9-43C0-AA8E-8D36BA433685}.Debug|Any CPU.Build.0 = Debug|Any CPU
		{6E1ACBB2-80A9-43C0-AA8E-8D36BA433685}.Release|Any CPU.ActiveCfg = Release|Any CPU
		{6E1ACBB2-80A9-43C0-AA8E-8D36BA433685}.Release|Any CPU.Build.0 = Release|Any CPU
		{D5B03F93-CDC4-4309-AE8E-FFD218108A1A}.Debug|Any CPU.ActiveCfg = Debug|Any CPU
		{D5B03F93-CDC4-4309-AE8E-FFD218108A1A}.Debug|Any CPU.Build.0 = Debug|Any CPU
		{D5B03F93-CDC4-4309-AE8E-FFD218108A1A}.Release|Any CPU.ActiveCfg = Release|Any CPU
		{D5B03F93-CDC4-4309-AE8E-FFD218108A1A}.Release|Any CPU.Build.0 = Release|Any CPU
		{3D96B58C-45B0-4251-A568-48A84E1501AE}.Debug|Any CPU.ActiveCfg = Debug|Any CPU
		{3D96B58C-45B0-4251-A568-48A84E1501AE}.Debug|Any CPU.Build.0 = Debug|Any CPU
		{3D96B58C-45B0-4251-A568-48A84E1501AE}.Release|Any CPU.ActiveCfg = Release|Any CPU
		{3D96B58C-45B0-4251-A568-48A84E1501AE}.Release|Any CPU.Build.0 = Release|Any CPU
		{52441389-9E15-414B-BC8F-B829417182E4}.Debug|Any CPU.ActiveCfg = Debug|Any CPU
		{52441389-9E15-414B-BC8F-B829417182E4}.Debug|Any CPU.Build.0 = Debug|Any CPU
		{52441389-9E15-414B-BC8F-B829417182E4}.Release|Any CPU.ActiveCfg = Release|Any CPU
		{52441389-9E15-414B-BC8F-B829417182E4}.Release|Any CPU.Build.0 = Release|Any CPU
		{4DC2D830-E930-4BD2-AED4-313FF117E9B8}.Debug|Any CPU.ActiveCfg = Debug|Any CPU
		{4DC2D830-E930-4BD2-AED4-313FF117E9B8}.Debug|Any CPU.Build.0 = Debug|Any CPU
		{4DC2D830-E930-4BD2-AED4-313FF117E9B8}.Release|Any CPU.ActiveCfg = Release|Any CPU
		{4DC2D830-E930-4BD2-AED4-313FF117E9B8}.Release|Any CPU.Build.0 = Release|Any CPU
		{DAF9CB17-718E-4A21-92A2-EA1890E09C09}.Debug|Any CPU.ActiveCfg = Debug|Any CPU
		{DAF9CB17-718E-4A21-92A2-EA1890E09C09}.Debug|Any CPU.Build.0 = Debug|Any CPU
		{DAF9CB17-718E-4A21-92A2-EA1890E09C09}.Release|Any CPU.ActiveCfg = Release|Any CPU
		{DAF9CB17-718E-4A21-92A2-EA1890E09C09}.Release|Any CPU.Build.0 = Release|Any CPU
		{9B6D9421-2DF4-4A84-8C13-B3DE457FEA2A}.Debug|Any CPU.ActiveCfg = Debug|Any CPU
		{9B6D9421-2DF4-4A84-8C13-B3DE457FEA2A}.Debug|Any CPU.Build.0 = Debug|Any CPU
		{9B6D9421-2DF4-4A84-8C13-B3DE457FEA2A}.Release|Any CPU.ActiveCfg = Release|Any CPU
		{9B6D9421-2DF4-4A84-8C13-B3DE457FEA2A}.Release|Any CPU.Build.0 = Release|Any CPU
		{12BD5DAA-0C0B-42CE-B335-EE2EEE8B489A}.Debug|Any CPU.ActiveCfg = Debug|Any CPU
		{12BD5DAA-0C0B-42CE-B335-EE2EEE8B489A}.Debug|Any CPU.Build.0 = Debug|Any CPU
		{12BD5DAA-0C0B-42CE-B335-EE2EEE8B489A}.Release|Any CPU.ActiveCfg = Release|Any CPU
		{12BD5DAA-0C0B-42CE-B335-EE2EEE8B489A}.Release|Any CPU.Build.0 = Release|Any CPU
	EndGlobalSection
	GlobalSection(SolutionProperties) = preSolution
		HideSolutionNode = FALSE
	EndGlobalSection
	GlobalSection(NestedProjects) = preSolution
		{C6806C7F-C238-4592-AF72-CAEB2F1A09D5} = {049CEE84-8DE4-4D9A-B74A-03EF0DD5AFA2}
		{10B84E4F-3246-4B28-A61D-DF5BCE8075C3} = {970BC58A-C7FA-45DD-B78C-5F5ADDEFE9FD}
		{3B254A19-C3FD-4246-B319-987933185190} = {6FFD3E48-FEC5-4845-8EAD-6F8578E2E333}
		{3F1CCE92-E216-4D46-AC05-05259EE5E61B} = {6FFD3E48-FEC5-4845-8EAD-6F8578E2E333}
		{100D9D64-2B32-4417-A687-5E55392878C1} = {4E6601EE-117A-41A6-939B-4C3B7289A283}
		{EA2B5071-371D-48D2-83FB-227100F5C7E0} = {100D9D64-2B32-4417-A687-5E55392878C1}
		{931C0789-4280-4403-A872-E30ADC50292C} = {100D9D64-2B32-4417-A687-5E55392878C1}
		{F4026748-55CC-495F-8B63-200E8CA17F7B} = {100D9D64-2B32-4417-A687-5E55392878C1}
		{084F302D-A58B-40E4-9B48-E0A80EF06DAB} = {100D9D64-2B32-4417-A687-5E55392878C1}
		{2498FCA6-CA1C-4CF2-AA89-AB2C4C2CBBE4} = {4E6601EE-117A-41A6-939B-4C3B7289A283}
		{DA7E8CA7-C091-441C-B24B-A24C39C03E58} = {2498FCA6-CA1C-4CF2-AA89-AB2C4C2CBBE4}
		{2C321E5C-1276-49E2-8186-4362C8F14BDB} = {2498FCA6-CA1C-4CF2-AA89-AB2C4C2CBBE4}
		{2B5BEA0C-6E08-424C-B129-9E3732C85307} = {2498FCA6-CA1C-4CF2-AA89-AB2C4C2CBBE4}
		{630840DF-CF47-4B4A-91A8-2F46F024CC0E} = {2498FCA6-CA1C-4CF2-AA89-AB2C4C2CBBE4}
		{2E6626CA-8525-4643-AD9C-EE56FB26D743} = {2498FCA6-CA1C-4CF2-AA89-AB2C4C2CBBE4}
		{2D6C140B-AAD0-4D90-8867-B216D2CD68ED} = {2498FCA6-CA1C-4CF2-AA89-AB2C4C2CBBE4}
		{D121707B-40F1-482F-AAD6-84B7ACF5C0B7} = {2498FCA6-CA1C-4CF2-AA89-AB2C4C2CBBE4}
		{50EE75EE-2D8B-4403-89B7-9AF497FDA69D} = {2498FCA6-CA1C-4CF2-AA89-AB2C4C2CBBE4}
		{6ECEE78E-D008-418B-A880-6025BFCE4270} = {49BD6DDD-DFFC-4979-8F0C-377F9896D4CC}
		{75845F2B-4CCB-4297-92B2-A001CFA9B72F} = {6ECEE78E-D008-418B-A880-6025BFCE4270}
		{DBD5CB98-A47F-4035-8351-971105CE8C5E} = {6ECEE78E-D008-418B-A880-6025BFCE4270}
		{1EAABE10-CEE1-4348-8758-10FBDE3EDE79} = {6ECEE78E-D008-418B-A880-6025BFCE4270}
		{24C63A48-AF72-42DB-9D8B-6AE56E108A4B} = {49BD6DDD-DFFC-4979-8F0C-377F9896D4CC}
		{97712C5E-3927-4D44-88E8-38B176E96D0B} = {24C63A48-AF72-42DB-9D8B-6AE56E108A4B}
		{D129CC3F-E9C1-4345-91EC-F4C2CEC1392F} = {24C63A48-AF72-42DB-9D8B-6AE56E108A4B}
		{2C3524BB-E775-48F7-94DD-54D775A221B3} = {49BD6DDD-DFFC-4979-8F0C-377F9896D4CC}
		{89C85F53-A631-48BF-A047-FC42D36BF9B5} = {2C3524BB-E775-48F7-94DD-54D775A221B3}
		{75C8069F-B1E5-41CD-AA4A-7BBC1CCA6C5E} = {D1CBDDDC-CBB5-4BC1-B271-A3EE5E7E1F98}
		{8C4A0AE2-DD55-42E6-A6C0-8544AA51BAFB} = {AB065EE9-F6DD-4A63-8C78-098297E55CC5}
		{6E1ACBB2-80A9-43C0-AA8E-8D36BA433685} = {3C0ED5DC-F0F0-4856-A1D4-37F59A666890}
		{D5B03F93-CDC4-4309-AE8E-FFD218108A1A} = {621C5AE9-749A-4204-9914-78B9A108DAA9}
		{3D96B58C-45B0-4251-A568-48A84E1501AE} = {049CEE84-8DE4-4D9A-B74A-03EF0DD5AFA2}
		{52441389-9E15-414B-BC8F-B829417182E4} = {78ED6996-880C-4A8B-B79C-5734035059B1}
		{4DC2D830-E930-4BD2-AED4-313FF117E9B8} = {78ED6996-880C-4A8B-B79C-5734035059B1}
		{DAF9CB17-718E-4A21-92A2-EA1890E09C09} = {9F39691C-CABF-4EC2-BDD7-D5521AE23BDD}
		{9B6D9421-2DF4-4A84-8C13-B3DE457FEA2A} = {9F39691C-CABF-4EC2-BDD7-D5521AE23BDD}
		{12BD5DAA-0C0B-42CE-B335-EE2EEE8B489A} = {D25CAD74-1AD6-4B27-9832-293DF916B46F}
	EndGlobalSection
	GlobalSection(ExtensibilityGlobals) = postSolution
		SolutionGuid = {E74A5267-7803-41E7-BF55-8A3E83B326E9}
	EndGlobalSection
EndGlobal
